
Microsoft Visual Studio Solution File, Format Version 12.00
# Visual Studio Version 17
VisualStudioVersion = 17.6.33801.468
MinimumVisualStudioVersion = 10.0.40219.1
Project("{FAE04EC0-301F-11D3-BF4B-00C04F79EFBC}") = "EngageSmart", "EngageSmart\EngageSmart.csproj", "{D5765C99-0759-42B9-B451-1AD1E2FAEBD2}"
EndProject
Global
	GlobalSection(SolutionConfigurationPlatforms) = preSolution
		Debug|Any CPU = Debug|Any CPU
		Release|Any CPU = Release|Any CPU
	EndGlobalSection
	GlobalSection(ProjectConfigurationPlatforms) = postSolution
		{D5765C99-0759-42B9-B451-1AD1E2FAEBD2}.Debug|Any CPU.ActiveCfg = Debug|Any CPU
		{D5765C99-0759-42B9-B451-1AD1E2FAEBD2}.Debug|Any CPU.Build.0 = Debug|Any CPU
		{D5765C99-0759-42B9-B451-1AD1E2FAEBD2}.Release|Any CPU.ActiveCfg = Release|Any CPU
		{D5765C99-0759-42B9-B451-1AD1E2FAEBD2}.Release|Any CPU.Build.0 = Release|Any CPU
	EndGlobalSection
	GlobalSection(SolutionProperties) = preSolution
		HideSolutionNode = FALSE
	EndGlobalSection
	GlobalSection(ExtensibilityGlobals) = postSolution
		SolutionGuid = {ABC6B68D-E8EF-4DB4-B03B-EBADE93249B9}
	EndGlobalSection
EndGlobal
